
Microsoft Visual Studio Solution File, Format Version 12.00
# Visual Studio 15
VisualStudioVersion = 15.0.28307.136
MinimumVisualStudioVersion = 10.0.40219.1
Project("{9A19103F-16F7-4668-BE54-9A1E7A4F7556}") = "DellCity", "DellCity\DellCity.csproj", "{C3BAC3BC-57FE-4E71-A5DB-60A599045C3B}"
EndProject
Project("{FAE04EC0-301F-11D3-BF4B-00C04F79EFBC}") = "BusinessLayer", "BusinessLayer\BusinessLayer.csproj", "{9F2EE04C-5B98-4CC9-AAB5-B3F38807FB9D}"
EndProject
Project("{FAE04EC0-301F-11D3-BF4B-00C04F79EFBC}") = "DataAccessLayer", "DataAccessLayer\DataAccessLayer.csproj", "{4467E7BB-2632-470D-853B-83640DF95BA1}"
EndProject
Global
	GlobalSection(SolutionConfigurationPlatforms) = preSolution
		Debug|Any CPU = Debug|Any CPU
		Release|Any CPU = Release|Any CPU
	EndGlobalSection
	GlobalSection(ProjectConfigurationPlatforms) = postSolution
		{C3BAC3BC-57FE-4E71-A5DB-60A599045C3B}.Debug|Any CPU.ActiveCfg = Debug|Any CPU
		{C3BAC3BC-57FE-4E71-A5DB-60A599045C3B}.Debug|Any CPU.Build.0 = Debug|Any CPU
		{C3BAC3BC-57FE-4E71-A5DB-60A599045C3B}.Release|Any CPU.ActiveCfg = Release|Any CPU
		{C3BAC3BC-57FE-4E71-A5DB-60A599045C3B}.Release|Any CPU.Build.0 = Release|Any CPU
		{9F2EE04C-5B98-4CC9-AAB5-B3F38807FB9D}.Debug|Any CPU.ActiveCfg = Debug|Any CPU
		{9F2EE04C-5B98-4CC9-AAB5-B3F38807FB9D}.Debug|Any CPU.Build.0 = Debug|Any CPU
		{9F2EE04C-5B98-4CC9-AAB5-B3F38807FB9D}.Release|Any CPU.ActiveCfg = Release|Any CPU
		{9F2EE04C-5B98-4CC9-AAB5-B3F38807FB9D}.Release|Any CPU.Build.0 = Release|Any CPU
		{4467E7BB-2632-470D-853B-83640DF95BA1}.Debug|Any CPU.ActiveCfg = Debug|Any CPU
		{4467E7BB-2632-470D-853B-83640DF95BA1}.Debug|Any CPU.Build.0 = Debug|Any CPU
		{4467E7BB-2632-470D-853B-83640DF95BA1}.Release|Any CPU.ActiveCfg = Release|Any CPU
		{4467E7BB-2632-470D-853B-83640DF95BA1}.Release|Any CPU.Build.0 = Release|Any CPU
	EndGlobalSection
	GlobalSection(SolutionProperties) = preSolution
		HideSolutionNode = FALSE
	EndGlobalSection
	GlobalSection(ExtensibilityGlobals) = postSolution
		SolutionGuid = {D8E6D160-1E5E-4DF2-ACA0-B10DEA287738}
	EndGlobalSection
EndGlobal
